// !$*UTF8*$!
{
	archiveVersion = 1;
	classes = {
	};
	objectVersion = 50;
	objects = {

/* Begin PBXBuildFile section */
		3DB853CB238DC7C10050771F /* AppDelegate.swift in Sources */ = {isa = PBXBuildFile; fileRef = 3DB853CA238DC7C10050771F /* AppDelegate.swift */; };
		3DB853CD238DC7C10050771F /* SceneDelegate.swift in Sources */ = {isa = PBXBuildFile; fileRef = 3DB853CC238DC7C10050771F /* SceneDelegate.swift */; };
		3DB853CF238DC7C10050771F /* FirstViewController.swift in Sources */ = {isa = PBXBuildFile; fileRef = 3DB853CE238DC7C10050771F /* FirstViewController.swift */; };
		3DB853D1238DC7C10050771F /* SecondViewController.swift in Sources */ = {isa = PBXBuildFile; fileRef = 3DB853D0238DC7C10050771F /* SecondViewController.swift */; };
		3DB853D4238DC7C10050771F /* Main.storyboard in Resources */ = {isa = PBXBuildFile; fileRef = 3DB853D2238DC7C10050771F /* Main.storyboard */; };
		3DB853D6238DC7C50050771F /* Assets.xcassets in Resources */ = {isa = PBXBuildFile; fileRef = 3DB853D5238DC7C50050771F /* Assets.xcassets */; };
		3DB853D9238DC7C50050771F /* LaunchScreen.storyboard in Resources */ = {isa = PBXBuildFile; fileRef = 3DB853D7238DC7C50050771F /* LaunchScreen.storyboard */; };
		3DB853E4238DC7C50050771F /* HotGistsTests.swift in Sources */ = {isa = PBXBuildFile; fileRef = 3DB853E3238DC7C50050771F /* HotGistsTests.swift */; };
		3DB853EF238DC7C50050771F /* HotGistsUITests.swift in Sources */ = {isa = PBXBuildFile; fileRef = 3DB853EE238DC7C50050771F /* HotGistsUITests.swift */; };
/* End PBXBuildFile section */

/* Begin PBXContainerItemProxy section */
		3DB853E0238DC7C50050771F /* PBXContainerItemProxy */ = {
			isa = PBXContainerItemProxy;
			containerPortal = 3DB853BF238DC7C10050771F /* Project object */;
			proxyType = 1;
			remoteGlobalIDString = 3DB853C6238DC7C10050771F;
			remoteInfo = HotGists;
		};
		3DB853EB238DC7C50050771F /* PBXContainerItemProxy */ = {
			isa = PBXContainerItemProxy;
			containerPortal = 3DB853BF238DC7C10050771F /* Project object */;
			proxyType = 1;
			remoteGlobalIDString = 3DB853C6238DC7C10050771F;
			remoteInfo = HotGists;
		};
/* End PBXContainerItemProxy section */

/* Begin PBXFileReference section */
		3DB853C7238DC7C10050771F /* HotGists.app */ = {isa = PBXFileReference; explicitFileType = wrapper.application; includeInIndex = 0; path = HotGists.app; sourceTree = BUILT_PRODUCTS_DIR; };
		3DB853CA238DC7C10050771F /* AppDelegate.swift */ = {isa = PBXFileReference; lastKnownFileType = sourcecode.swift; path = AppDelegate.swift; sourceTree = "<group>"; };
		3DB853CC238DC7C10050771F /* SceneDelegate.swift */ = {isa = PBXFileReference; lastKnownFileType = sourcecode.swift; path = SceneDelegate.swift; sourceTree = "<group>"; };
		3DB853CE238DC7C10050771F /* FirstViewController.swift */ = {isa = PBXFileReference; lastKnownFileType = sourcecode.swift; path = FirstViewController.swift; sourceTree = "<group>"; };
		3DB853D0238DC7C10050771F /* SecondViewController.swift */ = {isa = PBXFileReference; lastKnownFileType = sourcecode.swift; path = SecondViewController.swift; sourceTree = "<group>"; };
		3DB853D3238DC7C10050771F /* Base */ = {isa = PBXFileReference; lastKnownFileType = file.storyboard; name = Base; path = Base.lproj/Main.storyboard; sourceTree = "<group>"; };
		3DB853D5238DC7C50050771F /* Assets.xcassets */ = {isa = PBXFileReference; lastKnownFileType = folder.assetcatalog; path = Assets.xcassets; sourceTree = "<group>"; };
		3DB853D8238DC7C50050771F /* Base */ = {isa = PBXFileReference; lastKnownFileType = file.storyboard; name = Base; path = Base.lproj/LaunchScreen.storyboard; sourceTree = "<group>"; };
		3DB853DA238DC7C50050771F /* Info.plist */ = {isa = PBXFileReference; lastKnownFileType = text.plist.xml; path = Info.plist; sourceTree = "<group>"; };
		3DB853DF238DC7C50050771F /* HotGistsTests.xctest */ = {isa = PBXFileReference; explicitFileType = wrapper.cfbundle; includeInIndex = 0; path = HotGistsTests.xctest; sourceTree = BUILT_PRODUCTS_DIR; };
		3DB853E3238DC7C50050771F /* HotGistsTests.swift */ = {isa = PBXFileReference; lastKnownFileType = sourcecode.swift; path = HotGistsTests.swift; sourceTree = "<group>"; };
		3DB853E5238DC7C50050771F /* Info.plist */ = {isa = PBXFileReference; lastKnownFileType = text.plist.xml; path = Info.plist; sourceTree = "<group>"; };
		3DB853EA238DC7C50050771F /* HotGistsUITests.xctest */ = {isa = PBXFileReference; explicitFileType = wrapper.cfbundle; includeInIndex = 0; path = HotGistsUITests.xctest; sourceTree = BUILT_PRODUCTS_DIR; };
		3DB853EE238DC7C50050771F /* HotGistsUITests.swift */ = {isa = PBXFileReference; lastKnownFileType = sourcecode.swift; path = HotGistsUITests.swift; sourceTree = "<group>"; };
		3DB853F0238DC7C50050771F /* Info.plist */ = {isa = PBXFileReference; lastKnownFileType = text.plist.xml; path = Info.plist; sourceTree = "<group>"; };
/* End PBXFileReference section */

/* Begin PBXFrameworksBuildPhase section */
		3DB853C4238DC7C10050771F /* Frameworks */ = {
			isa = PBXFrameworksBuildPhase;
			buildActionMask = 2147483647;
			files = (
			);
			runOnlyForDeploymentPostprocessing = 0;
		};
		3DB853DC238DC7C50050771F /* Frameworks */ = {
			isa = PBXFrameworksBuildPhase;
			buildActionMask = 2147483647;
			files = (
			);
			runOnlyForDeploymentPostprocessing = 0;
		};
		3DB853E7238DC7C50050771F /* Frameworks */ = {
			isa = PBXFrameworksBuildPhase;
			buildActionMask = 2147483647;
			files = (
			);
			runOnlyForDeploymentPostprocessing = 0;
		};
/* End PBXFrameworksBuildPhase section */

/* Begin PBXGroup section */
		3DB853BE238DC7C10050771F = {
			isa = PBXGroup;
			children = (
				3DB853C9238DC7C10050771F /* HotGists */,
				3DB853E2238DC7C50050771F /* HotGistsTests */,
				3DB853ED238DC7C50050771F /* HotGistsUITests */,
				3DB853C8238DC7C10050771F /* Products */,
			);
			sourceTree = "<group>";
		};
		3DB853C8238DC7C10050771F /* Products */ = {
			isa = PBXGroup;
			children = (
				3DB853C7238DC7C10050771F /* HotGists.app */,
				3DB853DF238DC7C50050771F /* HotGistsTests.xctest */,
				3DB853EA238DC7C50050771F /* HotGistsUITests.xctest */,
			);
			name = Products;
			sourceTree = "<group>";
		};
		3DB853C9238DC7C10050771F /* HotGists */ = {
			isa = PBXGroup;
			children = (
				3DB853CA238DC7C10050771F /* AppDelegate.swift */,
				3DB853CC238DC7C10050771F /* SceneDelegate.swift */,
				3DB853CE238DC7C10050771F /* FirstViewController.swift */,
				3DB853D0238DC7C10050771F /* SecondViewController.swift */,
				3DB853D2238DC7C10050771F /* Main.storyboard */,
				3DB853D5238DC7C50050771F /* Assets.xcassets */,
				3DB853D7238DC7C50050771F /* LaunchScreen.storyboard */,
				3DB853DA238DC7C50050771F /* Info.plist */,
			);
			path = HotGists;
			sourceTree = "<group>";
		};
		3DB853E2238DC7C50050771F /* HotGistsTests */ = {
			isa = PBXGroup;
			children = (
				3DB853E3238DC7C50050771F /* HotGistsTests.swift */,
				3DB853E5238DC7C50050771F /* Info.plist */,
			);
			path = HotGistsTests;
			sourceTree = "<group>";
		};
		3DB853ED238DC7C50050771F /* HotGistsUITests */ = {
			isa = PBXGroup;
			children = (
				3DB853EE238DC7C50050771F /* HotGistsUITests.swift */,
				3DB853F0238DC7C50050771F /* Info.plist */,
			);
			path = HotGistsUITests;
			sourceTree = "<group>";
		};
/* End PBXGroup section */

/* Begin PBXNativeTarget section */
		3DB853C6238DC7C10050771F /* HotGists */ = {
			isa = PBXNativeTarget;
			buildConfigurationList = 3DB853F3238DC7C50050771F /* Build configuration list for PBXNativeTarget "HotGists" */;
			buildPhases = (
				3DB853C3238DC7C10050771F /* Sources */,
				3DB853C4238DC7C10050771F /* Frameworks */,
				3DB853C5238DC7C10050771F /* Resources */,
			);
			buildRules = (
			);
			dependencies = (
			);
			name = HotGists;
			productName = HotGists;
			productReference = 3DB853C7238DC7C10050771F /* HotGists.app */;
			productType = "com.apple.product-type.application";
		};
		3DB853DE238DC7C50050771F /* HotGistsTests */ = {
			isa = PBXNativeTarget;
			buildConfigurationList = 3DB853F6238DC7C50050771F /* Build configuration list for PBXNativeTarget "HotGistsTests" */;
			buildPhases = (
				3DB853DB238DC7C50050771F /* Sources */,
				3DB853DC238DC7C50050771F /* Frameworks */,
				3DB853DD238DC7C50050771F /* Resources */,
			);
			buildRules = (
			);
			dependencies = (
				3DB853E1238DC7C50050771F /* PBXTargetDependency */,
			);
			name = HotGistsTests;
			productName = HotGistsTests;
			productReference = 3DB853DF238DC7C50050771F /* HotGistsTests.xctest */;
			productType = "com.apple.product-type.bundle.unit-test";
		};
		3DB853E9238DC7C50050771F /* HotGistsUITests */ = {
			isa = PBXNativeTarget;
			buildConfigurationList = 3DB853F9238DC7C50050771F /* Build configuration list for PBXNativeTarget "HotGistsUITests" */;
			buildPhases = (
				3DB853E6238DC7C50050771F /* Sources */,
				3DB853E7238DC7C50050771F /* Frameworks */,
				3DB853E8238DC7C50050771F /* Resources */,
			);
			buildRules = (
			);
			dependencies = (
				3DB853EC238DC7C50050771F /* PBXTargetDependency */,
			);
			name = HotGistsUITests;
			productName = HotGistsUITests;
			productReference = 3DB853EA238DC7C50050771F /* HotGistsUITests.xctest */;
			productType = "com.apple.product-type.bundle.ui-testing";
		};
/* End PBXNativeTarget section */

/* Begin PBXProject section */
		3DB853BF238DC7C10050771F /* Project object */ = {
			isa = PBXProject;
			attributes = {
				LastSwiftUpdateCheck = 1120;
				LastUpgradeCheck = 1120;
				ORGANIZATIONNAME = "William SUN";
				TargetAttributes = {
					3DB853C6238DC7C10050771F = {
						CreatedOnToolsVersion = 11.2.1;
					};
					3DB853DE238DC7C50050771F = {
						CreatedOnToolsVersion = 11.2.1;
						TestTargetID = 3DB853C6238DC7C10050771F;
					};
					3DB853E9238DC7C50050771F = {
						CreatedOnToolsVersion = 11.2.1;
						TestTargetID = 3DB853C6238DC7C10050771F;
					};
				};
			};
			buildConfigurationList = 3DB853C2238DC7C10050771F /* Build configuration list for PBXProject "HotGists" */;
			compatibilityVersion = "Xcode 9.3";
			developmentRegion = en;
			hasScannedForEncodings = 0;
			knownRegions = (
				en,
				Base,
			);
			mainGroup = 3DB853BE238DC7C10050771F;
			productRefGroup = 3DB853C8238DC7C10050771F /* Products */;
			projectDirPath = "";
			projectRoot = "";
			targets = (
				3DB853C6238DC7C10050771F /* HotGists */,
				3DB853DE238DC7C50050771F /* HotGistsTests */,
				3DB853E9238DC7C50050771F /* HotGistsUITests */,
			);
		};
/* End PBXProject section */

/* Begin PBXResourcesBuildPhase section */
		3DB853C5238DC7C10050771F /* Resources */ = {
			isa = PBXResourcesBuildPhase;
			buildActionMask = 2147483647;
			files = (
				3DB853D9238DC7C50050771F /* LaunchScreen.storyboard in Resources */,
				3DB853D6238DC7C50050771F /* Assets.xcassets in Resources */,
				3DB853D4238DC7C10050771F /* Main.storyboard in Resources */,
			);
			runOnlyForDeploymentPostprocessing = 0;
		};
		3DB853DD238DC7C50050771F /* Resources */ = {
			isa = PBXResourcesBuildPhase;
			buildActionMask = 2147483647;
			files = (
			);
			runOnlyForDeploymentPostprocessing = 0;
		};
		3DB853E8238DC7C50050771F /* Resources */ = {
			isa = PBXResourcesBuildPhase;
			buildActionMask = 2147483647;
			files = (
			);
			runOnlyForDeploymentPostprocessing = 0;
		};
/* End PBXResourcesBuildPhase section */

/* Begin PBXSourcesBuildPhase section */
		3DB853C3238DC7C10050771F /* Sources */ = {
			isa = PBXSourcesBuildPhase;
			buildActionMask = 2147483647;
			files = (
				3DB853D1238DC7C10050771F /* SecondViewController.swift in Sources */,
				3DB853CF238DC7C10050771F /* FirstViewController.swift in Sources */,
				3DB853CB238DC7C10050771F /* AppDelegate.swift in Sources */,
				3DB853CD238DC7C10050771F /* SceneDelegate.swift in Sources */,
			);
			runOnlyForDeploymentPostprocessing = 0;
		};
		3DB853DB238DC7C50050771F /* Sources */ = {
			isa = PBXSourcesBuildPhase;
			buildActionMask = 2147483647;
			files = (
				3DB853E4238DC7C50050771F /* HotGistsTests.swift in Sources */,
			);
			runOnlyForDeploymentPostprocessing = 0;
		};
		3DB853E6238DC7C50050771F /* Sources */ = {
			isa = PBXSourcesBuildPhase;
			buildActionMask = 2147483647;
			files = (
				3DB853EF238DC7C50050771F /* HotGistsUITests.swift in Sources */,
			);
			runOnlyForDeploymentPostprocessing = 0;
		};
/* End PBXSourcesBuildPhase section */

/* Begin PBXTargetDependency section */
		3DB853E1238DC7C50050771F /* PBXTargetDependency */ = {
			isa = PBXTargetDependency;
			target = 3DB853C6238DC7C10050771F /* HotGists */;
			targetProxy = 3DB853E0238DC7C50050771F /* PBXContainerItemProxy */;
		};
		3DB853EC238DC7C50050771F /* PBXTargetDependency */ = {
			isa = PBXTargetDependency;
			target = 3DB853C6238DC7C10050771F /* HotGists */;
			targetProxy = 3DB853EB238DC7C50050771F /* PBXContainerItemProxy */;
		};
/* End PBXTargetDependency section */

/* Begin PBXVariantGroup section */
		3DB853D2238DC7C10050771F /* Main.storyboard */ = {
			isa = PBXVariantGroup;
			children = (
				3DB853D3238DC7C10050771F /* Base */,
			);
			name = Main.storyboard;
			sourceTree = "<group>";
		};
		3DB853D7238DC7C50050771F /* LaunchScreen.storyboard */ = {
			isa = PBXVariantGroup;
			children = (
				3DB853D8238DC7C50050771F /* Base */,
			);
			name = LaunchScreen.storyboard;
			sourceTree = "<group>";
		};
/* End PBXVariantGroup section */

/* Begin XCBuildConfiguration section */
		3DB853F1238DC7C50050771F /* Debug */ = {
			isa = XCBuildConfiguration;
			buildSettings = {
				ALWAYS_SEARCH_USER_PATHS = NO;
				CLANG_ANALYZER_NONNULL = YES;
				CLANG_ANALYZER_NUMBER_OBJECT_CONVERSION = YES_AGGRESSIVE;
				CLANG_CXX_LANGUAGE_STANDARD = "gnu++14";
				CLANG_CXX_LIBRARY = "libc++";
				CLANG_ENABLE_MODULES = YES;
				CLANG_ENABLE_OBJC_ARC = YES;
				CLANG_ENABLE_OBJC_WEAK = YES;
				CLANG_WARN_BLOCK_CAPTURE_AUTORELEASING = YES;
				CLANG_WARN_BOOL_CONVERSION = YES;
				CLANG_WARN_COMMA = YES;
				CLANG_WARN_CONSTANT_CONVERSION = YES;
				CLANG_WARN_DEPRECATED_OBJC_IMPLEMENTATIONS = YES;
				CLANG_WARN_DIRECT_OBJC_ISA_USAGE = YES_ERROR;
				CLANG_WARN_DOCUMENTATION_COMMENTS = YES;
				CLANG_WARN_EMPTY_BODY = YES;
				CLANG_WARN_ENUM_CONVERSION = YES;
				CLANG_WARN_INFINITE_RECURSION = YES;
				CLANG_WARN_INT_CONVERSION = YES;
				CLANG_WARN_NON_LITERAL_NULL_CONVERSION = YES;
				CLANG_WARN_OBJC_IMPLICIT_RETAIN_SELF = YES;
				CLANG_WARN_OBJC_LITERAL_CONVERSION = YES;
				CLANG_WARN_OBJC_ROOT_CLASS = YES_ERROR;
				CLANG_WARN_RANGE_LOOP_ANALYSIS = YES;
				CLANG_WARN_STRICT_PROTOTYPES = YES;
				CLANG_WARN_SUSPICIOUS_MOVE = YES;
				CLANG_WARN_UNGUARDED_AVAILABILITY = YES_AGGRESSIVE;
				CLANG_WARN_UNREACHABLE_CODE = YES;
				CLANG_WARN__DUPLICATE_METHOD_MATCH = YES;
				COPY_PHASE_STRIP = NO;
				DEBUG_INFORMATION_FORMAT = dwarf;
				ENABLE_STRICT_OBJC_MSGSEND = YES;
				ENABLE_TESTABILITY = YES;
				GCC_C_LANGUAGE_STANDARD = gnu11;
				GCC_DYNAMIC_NO_PIC = NO;
				GCC_NO_COMMON_BLOCKS = YES;
				GCC_OPTIMIZATION_LEVEL = 0;
				GCC_PREPROCESSOR_DEFINITIONS = (
					"DEBUG=1",
					"$(inherited)",
				);
				GCC_WARN_64_TO_32_BIT_CONVERSION = YES;
				GCC_WARN_ABOUT_RETURN_TYPE = YES_ERROR;
				GCC_WARN_UNDECLARED_SELECTOR = YES;
				GCC_WARN_UNINITIALIZED_AUTOS = YES_AGGRESSIVE;
				GCC_WARN_UNUSED_FUNCTION = YES;
				GCC_WARN_UNUSED_VARIABLE = YES;
				IPHONEOS_DEPLOYMENT_TARGET = 13.2;
				MTL_ENABLE_DEBUG_INFO = INCLUDE_SOURCE;
				MTL_FAST_MATH = YES;
				ONLY_ACTIVE_ARCH = YES;
				SDKROOT = iphoneos;
				SWIFT_ACTIVE_COMPILATION_CONDITIONS = DEBUG;
				SWIFT_OPTIMIZATION_LEVEL = "-Onone";
			};
			name = Debug;
		};
		3DB853F2238DC7C50050771F /* Release */ = {
			isa = XCBuildConfiguration;
			buildSettings = {
				ALWAYS_SEARCH_USER_PATHS = NO;
				CLANG_ANALYZER_NONNULL = YES;
				CLANG_ANALYZER_NUMBER_OBJECT_CONVERSION = YES_AGGRESSIVE;
				CLANG_CXX_LANGUAGE_STANDARD = "gnu++14";
				CLANG_CXX_LIBRARY = "libc++";
				CLANG_ENABLE_MODULES = YES;
				CLANG_ENABLE_OBJC_ARC = YES;
				CLANG_ENABLE_OBJC_WEAK = YES;
				CLANG_WARN_BLOCK_CAPTURE_AUTORELEASING = YES;
				CLANG_WARN_BOOL_CONVERSION = YES;
				CLANG_WARN_COMMA = YES;
				CLANG_WARN_CONSTANT_CONVERSION = YES;
				CLANG_WARN_DEPRECATED_OBJC_IMPLEMENTATIONS = YES;
				CLANG_WARN_DIRECT_OBJC_ISA_USAGE = YES_ERROR;
				CLANG_WARN_DOCUMENTATION_COMMENTS = YES;
				CLANG_WARN_EMPTY_BODY = YES;
				CLANG_WARN_ENUM_CONVERSION = YES;
				CLANG_WARN_INFINITE_RECURSION = YES;
				CLANG_WARN_INT_CONVERSION = YES;
				CLANG_WARN_NON_LITERAL_NULL_CONVERSION = YES;
				CLANG_WARN_OBJC_IMPLICIT_RETAIN_SELF = YES;
				CLANG_WARN_OBJC_LITERAL_CONVERSION = YES;
				CLANG_WARN_OBJC_ROOT_CLASS = YES_ERROR;
				CLANG_WARN_RANGE_LOOP_ANALYSIS = YES;
				CLANG_WARN_STRICT_PROTOTYPES = YES;
				CLANG_WARN_SUSPICIOUS_MOVE = YES;
				CLANG_WARN_UNGUARDED_AVAILABILITY = YES_AGGRESSIVE;
				CLANG_WARN_UNREACHABLE_CODE = YES;
				CLANG_WARN__DUPLICATE_METHOD_MATCH = YES;
				COPY_PHASE_STRIP = NO;
				DEBUG_INFORMATION_FORMAT = "dwarf-with-dsym";
				ENABLE_NS_ASSERTIONS = NO;
				ENABLE_STRICT_OBJC_MSGSEND = YES;
				GCC_C_LANGUAGE_STANDARD = gnu11;
				GCC_NO_COMMON_BLOCKS = YES;
				GCC_WARN_64_TO_32_BIT_CONVERSION = YES;
				GCC_WARN_ABOUT_RETURN_TYPE = YES_ERROR;
				GCC_WARN_UNDECLARED_SELECTOR = YES;
				GCC_WARN_UNINITIALIZED_AUTOS = YES_AGGRESSIVE;
				GCC_WARN_UNUSED_FUNCTION = YES;
				GCC_WARN_UNUSED_VARIABLE = YES;
				IPHONEOS_DEPLOYMENT_TARGET = 13.2;
				MTL_ENABLE_DEBUG_INFO = NO;
				MTL_FAST_MATH = YES;
				SDKROOT = iphoneos;
				SWIFT_COMPILATION_MODE = wholemodule;
				SWIFT_OPTIMIZATION_LEVEL = "-O";
				VALIDATE_PRODUCT = YES;
			};
			name = Release;
		};
		3DB853F4238DC7C50050771F /* Debug */ = {
			isa = XCBuildConfiguration;
			buildSettings = {
				ASSETCATALOG_COMPILER_APPICON_NAME = AppIcon;
				CODE_SIGN_STYLE = Automatic;
				DEVELOPMENT_TEAM = ZT2G9N9Y9R;
				INFOPLIST_FILE = HotGists/Info.plist;
				LD_RUNPATH_SEARCH_PATHS = (
					"$(inherited)",
					"@executable_path/Frameworks",
				);
				PRODUCT_BUNDLE_IDENTIFIER = com.hkactech.HotGists;
				PRODUCT_NAME = "$(TARGET_NAME)";
				SWIFT_VERSION = 5.0;
				TARGETED_DEVICE_FAMILY = "1,2";
			};
			name = Debug;
		};
		3DB853F5238DC7C50050771F /* Release */ = {
			isa = XCBuildConfiguration;
			buildSettings = {
				ASSETCATALOG_COMPILER_APPICON_NAME = AppIcon;
				CODE_SIGN_STYLE = Automatic;
				DEVELOPMENT_TEAM = ZT2G9N9Y9R;
				INFOPLIST_FILE = HotGists/Info.plist;
				LD_RUNPATH_SEARCH_PATHS = (
					"$(inherited)",
					"@executable_path/Frameworks",
				);
				PRODUCT_BUNDLE_IDENTIFIER = com.hkactech.HotGists;
				PRODUCT_NAME = "$(TARGET_NAME)";
				SWIFT_VERSION = 5.0;
				TARGETED_DEVICE_FAMILY = "1,2";
			};
			name = Release;
		};
		3DB853F7238DC7C50050771F /* Debug */ = {
			isa = XCBuildConfiguration;
			buildSettings = {
				ALWAYS_EMBED_SWIFT_STANDARD_LIBRARIES = YES;
				BUNDLE_LOADER = "$(TEST_HOST)";
				CODE_SIGN_STYLE = Automatic;
				DEVELOPMENT_TEAM = ZT2G9N9Y9R;
				INFOPLIST_FILE = HotGistsTests/Info.plist;
				IPHONEOS_DEPLOYMENT_TARGET = 13.2;
				LD_RUNPATH_SEARCH_PATHS = (
					"$(inherited)",
					"@executable_path/Frameworks",
					"@loader_path/Frameworks",
				);
				PRODUCT_BUNDLE_IDENTIFIER = com.hkactech.HotGistsTests;
				PRODUCT_NAME = "$(TARGET_NAME)";
				SWIFT_VERSION = 5.0;
				TARGETED_DEVICE_FAMILY = "1,2";
				TEST_HOST = "$(BUILT_PRODUCTS_DIR)/HotGists.app/HotGists";
			};
			name = Debug;
		};
		3DB853F8238DC7C50050771F /* Release */ = {
			isa = XCBuildConfiguration;
			buildSettings = {
				ALWAYS_EMBED_SWIFT_STANDARD_LIBRARIES = YES;
				BUNDLE_LOADER = "$(TEST_HOST)";
				CODE_SIGN_STYLE = Automatic;
				DEVELOPMENT_TEAM = ZT2G9N9Y9R;
				INFOPLIST_FILE = HotGistsTests/Info.plist;
				IPHONEOS_DEPLOYMENT_TARGET = 13.2;
				LD_RUNPATH_SEARCH_PATHS = (
					"$(inherited)",
					"@executable_path/Frameworks",
					"@loader_path/Frameworks",
				);
				PRODUCT_BUNDLE_IDENTIFIER = com.hkactech.HotGistsTests;
				PRODUCT_NAME = "$(TARGET_NAME)";
				SWIFT_VERSION = 5.0;
				TARGETED_DEVICE_FAMILY = "1,2";
				TEST_HOST = "$(BUILT_PRODUCTS_DIR)/HotGists.app/HotGists";
			};
			name = Release;
		};
		3DB853FA238DC7C50050771F /* Debug */ = {
			isa = XCBuildConfiguration;
			buildSettings = {
				ALWAYS_EMBED_SWIFT_STANDARD_LIBRARIES = YES;
				CODE_SIGN_STYLE = Automatic;
				DEVELOPMENT_TEAM = ZT2G9N9Y9R;
				INFOPLIST_FILE = HotGistsUITests/Info.plist;
				LD_RUNPATH_SEARCH_PATHS = (
					"$(inherited)",
					"@executable_path/Frameworks",
					"@loader_path/Frameworks",
				);
				PRODUCT_BUNDLE_IDENTIFIER = com.hkactech.HotGistsUITests;
				PRODUCT_NAME = "$(TARGET_NAME)";
				SWIFT_VERSION = 5.0;
				TARGETED_DEVICE_FAMILY = "1,2";
				TEST_TARGET_NAME = HotGists;
			};
			name = Debug;
		};
		3DB853FB238DC7C50050771F /* Release */ = {
			isa = XCBuildConfiguration;
			buildSettings = {
				ALWAYS_EMBED_SWIFT_STANDARD_LIBRARIES = YES;
				CODE_SIGN_STYLE = Automatic;
				DEVELOPMENT_TEAM = ZT2G9N9Y9R;
				INFOPLIST_FILE = HotGistsUITests/Info.plist;
				LD_RUNPATH_SEARCH_PATHS = (
					"$(inherited)",
					"@executable_path/Frameworks",
					"@loader_path/Frameworks",
				);
				PRODUCT_BUNDLE_IDENTIFIER = com.hkactech.HotGistsUITests;
				PRODUCT_NAME = "$(TARGET_NAME)";
				SWIFT_VERSION = 5.0;
				TARGETED_DEVICE_FAMILY = "1,2";
				TEST_TARGET_NAME = HotGists;
			};
			name = Release;
		};
/* End XCBuildConfiguration section */

/* Begin XCConfigurationList section */
		3DB853C2238DC7C10050771F /* Build configuration list for PBXProject "HotGists" */ = {
			isa = XCConfigurationList;
			buildConfigurations = (
				3DB853F1238DC7C50050771F /* Debug */,
				3DB853F2238DC7C50050771F /* Release */,
			);
			defaultConfigurationIsVisible = 0;
			defaultConfigurationName = Release;
		};
		3DB853F3238DC7C50050771F /* Build configuration list for PBXNativeTarget "HotGists" */ = {
			isa = XCConfigurationList;
			buildConfigurations = (
				3DB853F4238DC7C50050771F /* Debug */,
				3DB853F5238DC7C50050771F /* Release */,
			);
			defaultConfigurationIsVisible = 0;
			defaultConfigurationName = Release;
		};
		3DB853F6238DC7C50050771F /* Build configuration list for PBXNativeTarget "HotGistsTests" */ = {
			isa = XCConfigurationList;
			buildConfigurations = (
				3DB853F7238DC7C50050771F /* Debug */,
				3DB853F8238DC7C50050771F /* Release */,
			);
			defaultConfigurationIsVisible = 0;
			defaultConfigurationName = Release;
		};
		3DB853F9238DC7C50050771F /* Build configuration list for PBXNativeTarget "HotGistsUITests" */ = {
			isa = XCConfigurationList;
			buildConfigurations = (
				3DB853FA238DC7C50050771F /* Debug */,
				3DB853FB238DC7C50050771F /* Release */,
			);
			defaultConfigurationIsVisible = 0;
			defaultConfigurationName = Release;
		};
/* End XCConfigurationList section */
	};
	rootObject = 3DB853BF238DC7C10050771F /* Project object */;
}
